
Microsoft Visual Studio Solution File, Format Version 12.00
# Visual Studio Version 17
VisualStudioVersion = 17.5.002.0
MinimumVisualStudioVersion = 10.0.40219.1
Project("{2150E333-8FDC-42A3-9474-1A3956D46DE8}") = "sandbox", "sandbox", "{C4494410-E0B1-4759-B46F-509C55622FE9}"
EndProject
Project("{9A19103F-16F7-4668-BE54-9A1E7A4F7556}") = "sandbox_project", "sandbox\sandbox_project\sandbox_project.csproj", "{19A9C489-1A0B-4551-BBF0-32CCC561DA33}"
EndProject
Project("{2150E333-8FDC-42A3-9474-1A3956D46DE8}") = "week01", "week01", "{84803637-BF06-4153-9FBD-D19BFF6BD9A0}"
EndProject
Project("{9A19103F-16F7-4668-BE54-9A1E7A4F7556}") = "analyze", "week01\analyze\analyze.csproj", "{450C3276-53B9-4586-9E33-B61C28462438}"
EndProject
Project("{9A19103F-16F7-4668-BE54-9A1E7A4F7556}") = "code", "week01\code\code.csproj", "{9CA07EF8-5FCB-43A0-9739-1AA06AFB3943}"
EndProject
Project("{9A19103F-16F7-4668-BE54-9A1E7A4F7556}") = "teach", "week01\teach\teach.csproj", "{918E9BBD-AFA8-4917-8EE7-3CE9176665B4}"
EndProject
Project("{2150E333-8FDC-42A3-9474-1A3956D46DE8}") = "week02", "week02", "{2BED12D2-A650-441D-86C7-12CFDF48A8D5}"
EndProject
Project("{9A19103F-16F7-4668-BE54-9A1E7A4F7556}") = "analyze", "week02\analyze\analyze.csproj", "{313E5DFB-FF8F-48D7-B8FD-C0303A8F1E34}"
EndProject
Project("{9A19103F-16F7-4668-BE54-9A1E7A4F7556}") = "code", "week02\code\code.csproj", "{10CBE5FD-A29B-48C7-BDB2-27FB0DA02EC0}"
EndProject
Project("{9A19103F-16F7-4668-BE54-9A1E7A4F7556}") = "learn", "week02\learn\learn.csproj", "{047510C9-9101-4377-91CD-2C5A86A32FE7}"
EndProject
Project("{9A19103F-16F7-4668-BE54-9A1E7A4F7556}") = "teach", "week02\teach\teach.csproj", "{83E111D9-96D3-4EF4-B3BC-B60393575072}"
EndProject
Project("{2150E333-8FDC-42A3-9474-1A3956D46DE8}") = "week03", "week03", "{7030B459-0C5C-4AC6-B78B-E5E449C22747}"
EndProject
Project("{9A19103F-16F7-4668-BE54-9A1E7A4F7556}") = "code", "week03\code\code.csproj", "{7B19141F-6FB5-4C93-AA45-16D166DEC2F2}"
EndProject
Project("{9A19103F-16F7-4668-BE54-9A1E7A4F7556}") = "learn", "week03\learn\learn.csproj", "{B044501B-CD02-4203-9081-A888D5FD19B6}"
EndProject
Project("{9A19103F-16F7-4668-BE54-9A1E7A4F7556}") = "teach", "week03\teach\teach.csproj", "{FB90AC61-E132-4CAD-B7DB-D5F28533A10E}"
EndProject
Project("{2150E333-8FDC-42A3-9474-1A3956D46DE8}") = "week04", "week04", "{6392DBB7-BFA9-4869-AD3F-F997FF8C2806}"
EndProject
Project("{9A19103F-16F7-4668-BE54-9A1E7A4F7556}") = "code", "week04\code\code.csproj", "{7B668500-1CCB-4546-9B2B-4128BE705E28}"
EndProject
Project("{2150E333-8FDC-42A3-9474-1A3956D46DE8}") = "week05", "week05", "{C8C1319B-6B48-49E1-950E-37E949F46AB8}"
EndProject
Project("{9A19103F-16F7-4668-BE54-9A1E7A4F7556}") = "code", "week05\code\code.csproj", "{505AB67A-5B43-438E-BED5-8A503D8C5A1F}"
EndProject
Project("{2150E333-8FDC-42A3-9474-1A3956D46DE8}") = "week06", "week06", "{8EAF98B4-5186-405C-864D-9BB53359D828}"
EndProject
Project("{9A19103F-16F7-4668-BE54-9A1E7A4F7556}") = "code", "week06\code\code.csproj", "{ADB75E4F-838C-40B1-B5BF-1C3948465F48}"
EndProject
Global
	GlobalSection(SolutionConfigurationPlatforms) = preSolution
		Debug|Any CPU = Debug|Any CPU
		Release|Any CPU = Release|Any CPU
	EndGlobalSection
	GlobalSection(ProjectConfigurationPlatforms) = postSolution
		{19A9C489-1A0B-4551-BBF0-32CCC561DA33}.Debug|Any CPU.ActiveCfg = Debug|Any CPU
		{19A9C489-1A0B-4551-BBF0-32CCC561DA33}.Debug|Any CPU.Build.0 = Debug|Any CPU
		{19A9C489-1A0B-4551-BBF0-32CCC561DA33}.Release|Any CPU.ActiveCfg = Release|Any CPU
		{19A9C489-1A0B-4551-BBF0-32CCC561DA33}.Release|Any CPU.Build.0 = Release|Any CPU
		{450C3276-53B9-4586-9E33-B61C28462438}.Debug|Any CPU.ActiveCfg = Debug|Any CPU
		{450C3276-53B9-4586-9E33-B61C28462438}.Debug|Any CPU.Build.0 = Debug|Any CPU
		{450C3276-53B9-4586-9E33-B61C28462438}.Release|Any CPU.ActiveCfg = Release|Any CPU
		{450C3276-53B9-4586-9E33-B61C28462438}.Release|Any CPU.Build.0 = Release|Any CPU
		{9CA07EF8-5FCB-43A0-9739-1AA06AFB3943}.Debug|Any CPU.ActiveCfg = Debug|Any CPU
		{9CA07EF8-5FCB-43A0-9739-1AA06AFB3943}.Debug|Any CPU.Build.0 = Debug|Any CPU
		{9CA07EF8-5FCB-43A0-9739-1AA06AFB3943}.Release|Any CPU.ActiveCfg = Release|Any CPU
		{9CA07EF8-5FCB-43A0-9739-1AA06AFB3943}.Release|Any CPU.Build.0 = Release|Any CPU
		{918E9BBD-AFA8-4917-8EE7-3CE9176665B4}.Debug|Any CPU.ActiveCfg = Debug|Any CPU
		{918E9BBD-AFA8-4917-8EE7-3CE9176665B4}.Debug|Any CPU.Build.0 = Debug|Any CPU
		{918E9BBD-AFA8-4917-8EE7-3CE9176665B4}.Release|Any CPU.ActiveCfg = Release|Any CPU
		{918E9BBD-AFA8-4917-8EE7-3CE9176665B4}.Release|Any CPU.Build.0 = Release|Any CPU
		{313E5DFB-FF8F-48D7-B8FD-C0303A8F1E34}.Debug|Any CPU.ActiveCfg = Debug|Any CPU
		{313E5DFB-FF8F-48D7-B8FD-C0303A8F1E34}.Debug|Any CPU.Build.0 = Debug|Any CPU
		{313E5DFB-FF8F-48D7-B8FD-C0303A8F1E34}.Release|Any CPU.ActiveCfg = Release|Any CPU
		{313E5DFB-FF8F-48D7-B8FD-C0303A8F1E34}.Release|Any CPU.Build.0 = Release|Any CPU
		{10CBE5FD-A29B-48C7-BDB2-27FB0DA02EC0}.Debug|Any CPU.ActiveCfg = Debug|Any CPU
		{10CBE5FD-A29B-48C7-BDB2-27FB0DA02EC0}.Debug|Any CPU.Build.0 = Debug|Any CPU
		{10CBE5FD-A29B-48C7-BDB2-27FB0DA02EC0}.Release|Any CPU.ActiveCfg = Release|Any CPU
		{10CBE5FD-A29B-48C7-BDB2-27FB0DA02EC0}.Release|Any CPU.Build.0 = Release|Any CPU
		{047510C9-9101-4377-91CD-2C5A86A32FE7}.Debug|Any CPU.ActiveCfg = Debug|Any CPU
		{047510C9-9101-4377-91CD-2C5A86A32FE7}.Debug|Any CPU.Build.0 = Debug|Any CPU
		{047510C9-9101-4377-91CD-2C5A86A32FE7}.Release|Any CPU.ActiveCfg = Release|Any CPU
		{047510C9-9101-4377-91CD-2C5A86A32FE7}.Release|Any CPU.Build.0 = Release|Any CPU
		{83E111D9-96D3-4EF4-B3BC-B60393575072}.Debug|Any CPU.ActiveCfg = Debug|Any CPU
		{83E111D9-96D3-4EF4-B3BC-B60393575072}.Debug|Any CPU.Build.0 = Debug|Any CPU
		{83E111D9-96D3-4EF4-B3BC-B60393575072}.Release|Any CPU.ActiveCfg = Release|Any CPU
		{83E111D9-96D3-4EF4-B3BC-B60393575072}.Release|Any CPU.Build.0 = Release|Any CPU
		{7B19141F-6FB5-4C93-AA45-16D166DEC2F2}.Debug|Any CPU.ActiveCfg = Debug|Any CPU
		{7B19141F-6FB5-4C93-AA45-16D166DEC2F2}.Debug|Any CPU.Build.0 = Debug|Any CPU
		{7B19141F-6FB5-4C93-AA45-16D166DEC2F2}.Release|Any CPU.ActiveCfg = Release|Any CPU
		{7B19141F-6FB5-4C93-AA45-16D166DEC2F2}.Release|Any CPU.Build.0 = Release|Any CPU
		{B044501B-CD02-4203-9081-A888D5FD19B6}.Debug|Any CPU.ActiveCfg = Debug|Any CPU
		{B044501B-CD02-4203-9081-A888D5FD19B6}.Debug|Any CPU.Build.0 = Debug|Any CPU
		{B044501B-CD02-4203-9081-A888D5FD19B6}.Release|Any CPU.ActiveCfg = Release|Any CPU
		{B044501B-CD02-4203-9081-A888D5FD19B6}.Release|Any CPU.Build.0 = Release|Any CPU
		{FB90AC61-E132-4CAD-B7DB-D5F28533A10E}.Debug|Any CPU.ActiveCfg = Debug|Any CPU
		{FB90AC61-E132-4CAD-B7DB-D5F28533A10E}.Debug|Any CPU.Build.0 = Debug|Any CPU
		{FB90AC61-E132-4CAD-B7DB-D5F28533A10E}.Release|Any CPU.ActiveCfg = Release|Any CPU
		{FB90AC61-E132-4CAD-B7DB-D5F28533A10E}.Release|Any CPU.Build.0 = Release|Any CPU
		{7B668500-1CCB-4546-9B2B-4128BE705E28}.Debug|Any CPU.ActiveCfg = Debug|Any CPU
		{7B668500-1CCB-4546-9B2B-4128BE705E28}.Debug|Any CPU.Build.0 = Debug|Any CPU
		{7B668500-1CCB-4546-9B2B-4128BE705E28}.Release|Any CPU.ActiveCfg = Release|Any CPU
		{7B668500-1CCB-4546-9B2B-4128BE705E28}.Release|Any CPU.Build.0 = Release|Any CPU
		{505AB67A-5B43-438E-BED5-8A503D8C5A1F}.Debug|Any CPU.ActiveCfg = Debug|Any CPU
		{505AB67A-5B43-438E-BED5-8A503D8C5A1F}.Debug|Any CPU.Build.0 = Debug|Any CPU
		{505AB67A-5B43-438E-BED5-8A503D8C5A1F}.Release|Any CPU.ActiveCfg = Release|Any CPU
		{505AB67A-5B43-438E-BED5-8A503D8C5A1F}.Release|Any CPU.Build.0 = Release|Any CPU
		{ADB75E4F-838C-40B1-B5BF-1C3948465F48}.Debug|Any CPU.ActiveCfg = Debug|Any CPU
		{ADB75E4F-838C-40B1-B5BF-1C3948465F48}.Debug|Any CPU.Build.0 = Debug|Any CPU
		{ADB75E4F-838C-40B1-B5BF-1C3948465F48}.Release|Any CPU.ActiveCfg = Release|Any CPU
		{ADB75E4F-838C-40B1-B5BF-1C3948465F48}.Release|Any CPU.Build.0 = Release|Any CPU
	EndGlobalSection
	GlobalSection(SolutionProperties) = preSolution
		HideSolutionNode = FALSE
	EndGlobalSection
	GlobalSection(NestedProjects) = preSolution
		{19A9C489-1A0B-4551-BBF0-32CCC561DA33} = {C4494410-E0B1-4759-B46F-509C55622FE9}
		{450C3276-53B9-4586-9E33-B61C28462438} = {84803637-BF06-4153-9FBD-D19BFF6BD9A0}
		{9CA07EF8-5FCB-43A0-9739-1AA06AFB3943} = {84803637-BF06-4153-9FBD-D19BFF6BD9A0}
		{918E9BBD-AFA8-4917-8EE7-3CE9176665B4} = {84803637-BF06-4153-9FBD-D19BFF6BD9A0}
		{313E5DFB-FF8F-48D7-B8FD-C0303A8F1E34} = {2BED12D2-A650-441D-86C7-12CFDF48A8D5}
		{10CBE5FD-A29B-48C7-BDB2-27FB0DA02EC0} = {2BED12D2-A650-441D-86C7-12CFDF48A8D5}
		{047510C9-9101-4377-91CD-2C5A86A32FE7} = {2BED12D2-A650-441D-86C7-12CFDF48A8D5}
		{83E111D9-96D3-4EF4-B3BC-B60393575072} = {2BED12D2-A650-441D-86C7-12CFDF48A8D5}
		{7B19141F-6FB5-4C93-AA45-16D166DEC2F2} = {7030B459-0C5C-4AC6-B78B-E5E449C22747}
		{B044501B-CD02-4203-9081-A888D5FD19B6} = {7030B459-0C5C-4AC6-B78B-E5E449C22747}
		{FB90AC61-E132-4CAD-B7DB-D5F28533A10E} = {7030B459-0C5C-4AC6-B78B-E5E449C22747}
		{7B668500-1CCB-4546-9B2B-4128BE705E28} = {6392DBB7-BFA9-4869-AD3F-F997FF8C2806}
		{505AB67A-5B43-438E-BED5-8A503D8C5A1F} = {C8C1319B-6B48-49E1-950E-37E949F46AB8}
		{ADB75E4F-838C-40B1-B5BF-1C3948465F48} = {8EAF98B4-5186-405C-864D-9BB53359D828}
	EndGlobalSection
	GlobalSection(ExtensibilityGlobals) = postSolution
		SolutionGuid = {E36565AE-834D-488C-9CC5-007FAD10786D}
	EndGlobalSection
EndGlobal
